
Microsoft Visual Studio Solution File, Format Version 12.00
# Visual Studio 15
VisualStudioVersion = 15.0.28307.106
MinimumVisualStudioVersion = 10.0.40219.1
Project("{9A19103F-16F7-4668-BE54-9A1E7A4F7556}") = "AdventOfCode", "AdventOfCode.csproj", "{98A81608-42CD-43D1-9054-EA403834643B}"
EndProject
Global
	GlobalSection(SolutionConfigurationPlatforms) = preSolution
		Debug|Any CPU = Debug|Any CPU
		Release|Any CPU = Release|Any CPU
	EndGlobalSection
	GlobalSection(ProjectConfigurationPlatforms) = postSolution
		{98A81608-42CD-43D1-9054-EA403834643B}.Debug|Any CPU.ActiveCfg = Debug|Any CPU
		{98A81608-42CD-43D1-9054-EA403834643B}.Debug|Any CPU.Build.0 = Debug|Any CPU
		{98A81608-42CD-43D1-9054-EA403834643B}.Release|Any CPU.ActiveCfg = Release|Any CPU
		{98A81608-42CD-43D1-9054-EA403834643B}.Release|Any CPU.Build.0 = Release|Any CPU
	EndGlobalSection
	GlobalSection(SolutionProperties) = preSolution
		HideSolutionNode = FALSE
	EndGlobalSection
	GlobalSection(ExtensibilityGlobals) = postSolution
		SolutionGuid = {8D4C1D13-41F2-49B7-A230-7E3DDF51AE13}
	EndGlobalSection
EndGlobal
